
Microsoft Visual Studio Solution File, Format Version 12.00
# Visual Studio Version 17
VisualStudioVersion = 17.3.32901.215
MinimumVisualStudioVersion = 10.0.40219.1
Project("{888888A0-9F3D-457C-B088-3A5042F75D52}") = "tkinter2", "tkinter2.pyproj", "{281E931A-2404-4279-B304-3655BE23A34E}"
EndProject
Global
	GlobalSection(SolutionConfigurationPlatforms) = preSolution
		Debug|Any CPU = Debug|Any CPU
		Release|Any CPU = Release|Any CPU
	EndGlobalSection
	GlobalSection(ProjectConfigurationPlatforms) = postSolution
		{281E931A-2404-4279-B304-3655BE23A34E}.Debug|Any CPU.ActiveCfg = Debug|Any CPU
		{281E931A-2404-4279-B304-3655BE23A34E}.Release|Any CPU.ActiveCfg = Release|Any CPU
	EndGlobalSection
	GlobalSection(SolutionProperties) = preSolution
		HideSolutionNode = FALSE
	EndGlobalSection
	GlobalSection(ExtensibilityGlobals) = postSolution
		SolutionGuid = {C0A1AFA1-D696-4AF8-ADE7-BA0EB15B1BBB}
	EndGlobalSection
EndGlobal
